PODS:
  - AGGeometryKit (1.2.4):
    - AGGeometryKit/CALayerProperties (= 1.2.4)
    - AGGeometryKit/UIViewProperties (= 1.2.4)
  - AGGeometryKit+POP (0.1):
    - AGGeometryKit+POP/Default (= 0.1)
  - AGGeometryKit+POP/Default (0.1):
    - AGGeometryKit (~> 1.0)
    - pop (~> 1.0.4)
  - AGGeometryKit/CALayerProperties (1.2.4)
  - AGGeometryKit/UIViewProperties (1.2.4)
  - AXAttributedLabel (0.2.9)
  - pop (1.0.9)

DEPENDENCIES:
  - AGGeometryKit+POP
  - AXAttributedLabel

SPEC CHECKSUMS:
  AGGeometryKit: 2c2c39c9f99eb7a966f0aa16b2a97027dacc4761
  AGGeometryKit+POP: 72c980191db0646c31bed0b1ffd571e05f9ad029
  AXAttributedLabel: 038ca8a876b3811a6e3e0471386a3592ccf68537
  pop: f667631a5108a2e60d9e8797c9b32ddaf2080bce

PODFILE CHECKSUM: 34e9dff85e41243faab89a2451625fb4dcc7dceb

COCOAPODS: 1.1.0.beta.2
